
Microsoft Visual Studio Solution File, Format Version 12.00
# Visual Studio Version 17
VisualStudioVersion = 17.9.34310.174
MinimumVisualStudioVersion = 10.0.40219.1
Project("{FAE04EC0-301F-11D3-BF4B-00C04F79EFBC}") = "Product.Application", "Product.Application\Product.Application.csproj", "{33A57B02-84FA-49CD-956F-2BCBB545B4CE}"
EndProject
Project("{FAE04EC0-301F-11D3-BF4B-00C04F79EFBC}") = "Product.Event.Handler.Service", "Product.Event.Handler.Service\Product.Event.Handler.Service.csproj", "{96E2CEB7-4370-4CFC-8FE5-FE1E15625C36}"
EndProject
Project("{FAE04EC0-301F-11D3-BF4B-00C04F79EFBC}") = "Shared", "Shared\Shared.csproj", "{5F47A5F2-6DDA-4656-A49D-0FE35867DAD0}"
EndProject
Global
	GlobalSection(SolutionConfigurationPlatforms) = preSolution
		Debug|Any CPU = Debug|Any CPU
		Release|Any CPU = Release|Any CPU
	EndGlobalSection
	GlobalSection(ProjectConfigurationPlatforms) = postSolution
		{33A57B02-84FA-49CD-956F-2BCBB545B4CE}.Debug|Any CPU.ActiveCfg = Debug|Any CPU
		{33A57B02-84FA-49CD-956F-2BCBB545B4CE}.Debug|Any CPU.Build.0 = Debug|Any CPU
		{33A57B02-84FA-49CD-956F-2BCBB545B4CE}.Release|Any CPU.ActiveCfg = Release|Any CPU
		{33A57B02-84FA-49CD-956F-2BCBB545B4CE}.Release|Any CPU.Build.0 = Release|Any CPU
		{96E2CEB7-4370-4CFC-8FE5-FE1E15625C36}.Debug|Any CPU.ActiveCfg = Debug|Any CPU
		{96E2CEB7-4370-4CFC-8FE5-FE1E15625C36}.Debug|Any CPU.Build.0 = Debug|Any CPU
		{96E2CEB7-4370-4CFC-8FE5-FE1E15625C36}.Release|Any CPU.ActiveCfg = Release|Any CPU
		{96E2CEB7-4370-4CFC-8FE5-FE1E15625C36}.Release|Any CPU.Build.0 = Release|Any CPU
		{5F47A5F2-6DDA-4656-A49D-0FE35867DAD0}.Debug|Any CPU.ActiveCfg = Debug|Any CPU
		{5F47A5F2-6DDA-4656-A49D-0FE35867DAD0}.Debug|Any CPU.Build.0 = Debug|Any CPU
		{5F47A5F2-6DDA-4656-A49D-0FE35867DAD0}.Release|Any CPU.ActiveCfg = Release|Any CPU
		{5F47A5F2-6DDA-4656-A49D-0FE35867DAD0}.Release|Any CPU.Build.0 = Release|Any CPU
	EndGlobalSection
	GlobalSection(SolutionProperties) = preSolution
		HideSolutionNode = FALSE
	EndGlobalSection
	GlobalSection(ExtensibilityGlobals) = postSolution
		SolutionGuid = {3445BC7E-4E78-42DE-8A4C-149044D9F713}
	EndGlobalSection
EndGlobal
